
Microsoft Visual Studio Solution File, Format Version 12.00
# Visual Studio 15
VisualStudioVersion = 15.0.28307.779
MinimumVisualStudioVersion = 10.0.40219.1
Project("{8BC9CEB8-8B4A-11D0-8D11-00A0C91BC942}") = "DuiLibMiscellaneous", "DuiLibMiscellaneous\DuiLibTestApp.vcxproj", "{AF3E2FC2-E54F-4F9C-A1A9-7C4681DEE33E}"
EndProject
Project("{8BC9CEB8-8B4A-11D0-8D11-00A0C91BC942}") = "DuiLib360Safe", "DuiLib360Safe\DuiLib360Safe.vcxproj", "{1A74FD6F-80D2-419D-9826-9186BFED9011}"
EndProject
Project("{8BC9CEB8-8B4A-11D0-8D11-00A0C91BC942}") = "DuiLibFlash", "DuiLibFlash\DuiLibFlash.vcxproj", "{866EF0B3-9141-46DA-860F-F15EC595F1AF}"
EndProject
Project("{8BC9CEB8-8B4A-11D0-8D11-00A0C91BC942}") = "DuiLibGame", "DuiLibGame\DuiLibGame.vcxproj", "{2587AF67-1846-49AB-9260-B0DC0C39057E}"
EndProject
Project("{8BC9CEB8-8B4A-11D0-8D11-00A0C91BC942}") = "DuiLibHelloWorld", "DuiLibHelloWorld\DuiLibHelloWorld.vcxproj", "{5D605813-7388-4AB7-A0B1-7545DF7BAA8C}"
EndProject
Project("{8BC9CEB8-8B4A-11D0-8D11-00A0C91BC942}") = "DuiLib", "DuiLib\DuiLib.vcxproj", "{CC70FB40-894B-4C1E-8883-C7D753BE5D30}"
EndProject
Global
	GlobalSection(SolutionConfigurationPlatforms) = preSolution
		Debug|x64 = Debug|x64
		Debug|x86 = Debug|x86
		Release|x64 = Release|x64
		Release|x86 = Release|x86
	EndGlobalSection
	GlobalSection(ProjectConfigurationPlatforms) = postSolution
		{AF3E2FC2-E54F-4F9C-A1A9-7C4681DEE33E}.Debug|x64.ActiveCfg = Debug|x64
		{AF3E2FC2-E54F-4F9C-A1A9-7C4681DEE33E}.Debug|x64.Build.0 = Debug|x64
		{AF3E2FC2-E54F-4F9C-A1A9-7C4681DEE33E}.Debug|x86.ActiveCfg = Debug|Win32
		{AF3E2FC2-E54F-4F9C-A1A9-7C4681DEE33E}.Debug|x86.Build.0 = Debug|Win32
		{AF3E2FC2-E54F-4F9C-A1A9-7C4681DEE33E}.Release|x64.ActiveCfg = Release|x64
		{AF3E2FC2-E54F-4F9C-A1A9-7C4681DEE33E}.Release|x64.Build.0 = Release|x64
		{AF3E2FC2-E54F-4F9C-A1A9-7C4681DEE33E}.Release|x86.ActiveCfg = Release|Win32
		{AF3E2FC2-E54F-4F9C-A1A9-7C4681DEE33E}.Release|x86.Build.0 = Release|Win32
		{1A74FD6F-80D2-419D-9826-9186BFED9011}.Debug|x64.ActiveCfg = Debug|x64
		{1A74FD6F-80D2-419D-9826-9186BFED9011}.Debug|x64.Build.0 = Debug|x64
		{1A74FD6F-80D2-419D-9826-9186BFED9011}.Debug|x86.ActiveCfg = Debug|Win32
		{1A74FD6F-80D2-419D-9826-9186BFED9011}.Debug|x86.Build.0 = Debug|Win32
		{1A74FD6F-80D2-419D-9826-9186BFED9011}.Release|x64.ActiveCfg = Release|x64
		{1A74FD6F-80D2-419D-9826-9186BFED9011}.Release|x64.Build.0 = Release|x64
		{1A74FD6F-80D2-419D-9826-9186BFED9011}.Release|x86.ActiveCfg = Release|Win32
		{1A74FD6F-80D2-419D-9826-9186BFED9011}.Release|x86.Build.0 = Release|Win32
		{866EF0B3-9141-46DA-860F-F15EC595F1AF}.Debug|x64.ActiveCfg = Debug|x64
		{866EF0B3-9141-46DA-860F-F15EC595F1AF}.Debug|x64.Build.0 = Debug|x64
		{866EF0B3-9141-46DA-860F-F15EC595F1AF}.Debug|x86.ActiveCfg = Debug|Win32
		{866EF0B3-9141-46DA-860F-F15EC595F1AF}.Debug|x86.Build.0 = Debug|Win32
		{866EF0B3-9141-46DA-860F-F15EC595F1AF}.Release|x64.ActiveCfg = Release|x64
		{866EF0B3-9141-46DA-860F-F15EC595F1AF}.Release|x64.Build.0 = Release|x64
		{866EF0B3-9141-46DA-860F-F15EC595F1AF}.Release|x86.ActiveCfg = Release|Win32
		{866EF0B3-9141-46DA-860F-F15EC595F1AF}.Release|x86.Build.0 = Release|Win32
		{2587AF67-1846-49AB-9260-B0DC0C39057E}.Debug|x64.ActiveCfg = Debug|x64
		{2587AF67-1846-49AB-9260-B0DC0C39057E}.Debug|x64.Build.0 = Debug|x64
		{2587AF67-1846-49AB-9260-B0DC0C39057E}.Debug|x86.ActiveCfg = Debug|Win32
		{2587AF67-1846-49AB-9260-B0DC0C39057E}.Debug|x86.Build.0 = Debug|Win32
		{2587AF67-1846-49AB-9260-B0DC0C39057E}.Release|x64.ActiveCfg = Release|x64
		{2587AF67-1846-49AB-9260-B0DC0C39057E}.Release|x64.Build.0 = Release|x64
		{2587AF67-1846-49AB-9260-B0DC0C39057E}.Release|x86.ActiveCfg = Release|Win32
		{2587AF67-1846-49AB-9260-B0DC0C39057E}.Release|x86.Build.0 = Release|Win32
		{5D605813-7388-4AB7-A0B1-7545DF7BAA8C}.Debug|x64.ActiveCfg = Debug|x64
		{5D605813-7388-4AB7-A0B1-7545DF7BAA8C}.Debug|x64.Build.0 = Debug|x64
		{5D605813-7388-4AB7-A0B1-7545DF7BAA8C}.Debug|x86.ActiveCfg = Debug|Win32
		{5D605813-7388-4AB7-A0B1-7545DF7BAA8C}.Debug|x86.Build.0 = Debug|Win32
		{5D605813-7388-4AB7-A0B1-7545DF7BAA8C}.Release|x64.ActiveCfg = Release|x64
		{5D605813-7388-4AB7-A0B1-7545DF7BAA8C}.Release|x64.Build.0 = Release|x64
		{5D605813-7388-4AB7-A0B1-7545DF7BAA8C}.Release|x86.ActiveCfg = Release|Win32
		{5D605813-7388-4AB7-A0B1-7545DF7BAA8C}.Release|x86.Build.0 = Release|Win32
		{CC70FB40-894B-4C1E-8883-C7D753BE5D30}.Debug|x64.ActiveCfg = Debug|x64
		{CC70FB40-894B-4C1E-8883-C7D753BE5D30}.Debug|x64.Build.0 = Debug|x64
		{CC70FB40-894B-4C1E-8883-C7D753BE5D30}.Debug|x86.ActiveCfg = Debug|Win32
		{CC70FB40-894B-4C1E-8883-C7D753BE5D30}.Debug|x86.Build.0 = Debug|Win32
		{CC70FB40-894B-4C1E-8883-C7D753BE5D30}.Release|x64.ActiveCfg = Release|x64
		{CC70FB40-894B-4C1E-8883-C7D753BE5D30}.Release|x64.Build.0 = Release|x64
		{CC70FB40-894B-4C1E-8883-C7D753BE5D30}.Release|x86.ActiveCfg = Release|Win32
		{CC70FB40-894B-4C1E-8883-C7D753BE5D30}.Release|x86.Build.0 = Release|Win32
	EndGlobalSection
	GlobalSection(SolutionProperties) = preSolution
		HideSolutionNode = FALSE
	EndGlobalSection
	GlobalSection(ExtensibilityGlobals) = postSolution
		SolutionGuid = {33282025-8243-4626-8650-208E02B94AB2}
	EndGlobalSection
EndGlobal
