<?xml version="1.0" encoding="utf-8"?>
<Project ToolsVersion="4.0" xmlns="http://schemas.microsoft.com/developer/msbuild/2003">
  <ItemGroup>
    <Filter Include="资源文件">
      <UniqueIdentifier>{67DA6AB6-F800-4c08-8B7A-83BB121AAD01}</UniqueIdentifier>
      <Extensions>rc;ico;cur;bmp;dlg;rc2;rct;bin;rgs;gif;jpg;jpeg;jpe;resx;tiff;tif;png;wav;mfcribbon-ms</Extensions>
    </Filter>
    <Filter Include="headers">
      <UniqueIdentifier>{93995380-89BD-4b04-88EB-625FBE52EBFB}</UniqueIdentifier>
      <Extensions>h;hh;hpp;hxx;hm;inl;inc;ipp;xsd</Extensions>
    </Filter>
    <Filter Include="headers\control">
      <UniqueIdentifier>{e8d8196f-2278-4824-bd4d-fc5cac9e20bc}</UniqueIdentifier>
    </Filter>
    <Filter Include="headers\core">
      <UniqueIdentifier>{cd5f9570-c91d-42f7-ba27-2c99d1a7d7ef}</UniqueIdentifier>
    </Filter>
    <Filter Include="headers\layout">
      <UniqueIdentifier>{26a743dd-940e-4b56-b449-411cc7c07eee}</UniqueIdentifier>
    </Filter>
    <Filter Include="headers\utils">
      <UniqueIdentifier>{7fdf1409-cf39-4abb-b71e-f82ec7371149}</UniqueIdentifier>
    </Filter>
    <Filter Include="sources">
      <UniqueIdentifier>{4FC737F1-C7A5-4376-A066-2A32D752A2FF}</UniqueIdentifier>
      <Extensions>cpp;c;cc;cxx;def;odl;idl;hpj;bat;asm;asmx</Extensions>
    </Filter>
    <Filter Include="sources\control">
      <UniqueIdentifier>{051f7eff-01da-46cc-bd9f-4c41d8b2fe4a}</UniqueIdentifier>
    </Filter>
    <Filter Include="sources\core">
      <UniqueIdentifier>{93141eb8-11b1-4c37-92ab-31d87903d45a}</UniqueIdentifier>
    </Filter>
    <Filter Include="sources\layout">
      <UniqueIdentifier>{da914f75-0699-4d99-a280-8bdf8a2da141}</UniqueIdentifier>
    </Filter>
    <Filter Include="sources\utils">
      <UniqueIdentifier>{86e267d5-db63-4f7f-90d2-e85f786de556}</UniqueIdentifier>
    </Filter>
  </ItemGroup>
  <ItemGroup>
    <ClInclude Include="Control\UIActiveX.h">
      <Filter>headers\control</Filter>
    </ClInclude>
    <ClInclude Include="Control\UIButton.h">
      <Filter>headers\control</Filter>
    </ClInclude>
    <ClInclude Include="Control\UICheckBox.h">
      <Filter>headers\control</Filter>
    </ClInclude>
    <ClInclude Include="Control\UICombo.h">
      <Filter>headers\control</Filter>
    </ClInclude>
    <ClInclude Include="Control\UIComboBox.h">
      <Filter>headers\control</Filter>
    </ClInclude>
    <ClInclude Include="Control\UIDateTime.h">
      <Filter>headers\control</Filter>
    </ClInclude>
    <ClInclude Include="Control\UIEdit.h">
      <Filter>headers\control</Filter>
    </ClInclude>
    <ClInclude Include="Control\UILabel.h">
      <Filter>headers\control</Filter>
    </ClInclude>
    <ClInclude Include="Control\UIList.h">
      <Filter>headers\control</Filter>
    </ClInclude>
    <ClInclude Include="Control\UIOption.h">
      <Filter>headers\control</Filter>
    </ClInclude>
    <ClInclude Include="Control\UIProgress.h">
      <Filter>headers\control</Filter>
    </ClInclude>
    <ClInclude Include="Control\UIRichEdit.h">
      <Filter>headers\control</Filter>
    </ClInclude>
    <ClInclude Include="Control\UIScrollBar.h">
      <Filter>headers\control</Filter>
    </ClInclude>
    <ClInclude Include="Control\UISlider.h">
      <Filter>headers\control</Filter>
    </ClInclude>
    <ClInclude Include="Control\UIText.h">
      <Filter>headers\control</Filter>
    </ClInclude>
    <ClInclude Include="Control\UITreeView.h">
      <Filter>headers\control</Filter>
    </ClInclude>
    <ClInclude Include="Control\UIWebBrowser.h">
      <Filter>headers\control</Filter>
    </ClInclude>
    <ClInclude Include="Core\UIBase.h">
      <Filter>headers\core</Filter>
    </ClInclude>
    <ClInclude Include="Core\UIContainer.h">
      <Filter>headers\core</Filter>
    </ClInclude>
    <ClInclude Include="Core\UIControl.h">
      <Filter>headers\core</Filter>
    </ClInclude>
    <ClInclude Include="Core\UIDefine.h">
      <Filter>headers\core</Filter>
    </ClInclude>
    <ClInclude Include="Core\UIDlgBuilder.h">
      <Filter>headers\core</Filter>
    </ClInclude>
    <ClInclude Include="Core\UIManager.h">
      <Filter>headers\core</Filter>
    </ClInclude>
    <ClInclude Include="Core\UIMarkup.h">
      <Filter>headers\core</Filter>
    </ClInclude>
    <ClInclude Include="Core\UIRender.h">
      <Filter>headers\core</Filter>
    </ClInclude>
    <ClInclude Include="Layout\UIChildLayout.h">
      <Filter>headers\layout</Filter>
    </ClInclude>
    <ClInclude Include="Layout\UIHorizontalLayout.h">
      <Filter>headers\layout</Filter>
    </ClInclude>
    <ClInclude Include="Layout\UITabLayout.h">
      <Filter>headers\layout</Filter>
    </ClInclude>
    <ClInclude Include="Layout\UITileLayout.h">
      <Filter>headers\layout</Filter>
    </ClInclude>
    <ClInclude Include="Layout\UIVerticalLayout.h">
      <Filter>headers\layout</Filter>
    </ClInclude>
    <ClInclude Include="Utils\downloadmgr.h">
      <Filter>headers\utils</Filter>
    </ClInclude>
    <ClInclude Include="Utils\FlashEventHandler.h">
      <Filter>headers\utils</Filter>
    </ClInclude>
    <ClInclude Include="Utils\UIDelegate.h">
      <Filter>headers\utils</Filter>
    </ClInclude>
    <ClInclude Include="Utils\Utils.h">
      <Filter>headers\utils</Filter>
    </ClInclude>
    <ClInclude Include="Utils\WebBrowserEventHandler.h">
      <Filter>headers\utils</Filter>
    </ClInclude>
    <ClInclude Include="Utils\WinImplBase.h">
      <Filter>headers\utils</Filter>
    </ClInclude>
    <ClInclude Include="StdAfx.h">
      <Filter>headers</Filter>
    </ClInclude>
    <ClInclude Include="UIlib.h">
      <Filter>headers</Filter>
    </ClInclude>
  </ItemGroup>
  <ItemGroup>
    <ClCompile Include="Control\UIActiveX.cpp">
      <Filter>sources\control</Filter>
    </ClCompile>
    <ClCompile Include="Control\UIButton.cpp">
      <Filter>sources\control</Filter>
    </ClCompile>
    <ClCompile Include="Control\UICheckBox.cpp">
      <Filter>sources\control</Filter>
    </ClCompile>
    <ClCompile Include="Control\UICombo.cpp">
      <Filter>sources\control</Filter>
    </ClCompile>
    <ClCompile Include="Control\UIComboBox.cpp">
      <Filter>sources\control</Filter>
    </ClCompile>
    <ClCompile Include="Control\UIDateTime.cpp">
      <Filter>sources\control</Filter>
    </ClCompile>
    <ClCompile Include="Control\UIEdit.cpp">
      <Filter>sources\control</Filter>
    </ClCompile>
    <ClCompile Include="Control\UILabel.cpp">
      <Filter>sources\control</Filter>
    </ClCompile>
    <ClCompile Include="Control\UIList.cpp">
      <Filter>sources\control</Filter>
    </ClCompile>
    <ClCompile Include="Control\UIOption.cpp">
      <Filter>sources\control</Filter>
    </ClCompile>
    <ClCompile Include="Control\UIProgress.cpp">
      <Filter>sources\control</Filter>
    </ClCompile>
    <ClCompile Include="Control\UIRichEdit.cpp">
      <Filter>sources\control</Filter>
    </ClCompile>
    <ClCompile Include="Control\UIScrollBar.cpp">
      <Filter>sources\control</Filter>
    </ClCompile>
    <ClCompile Include="Control\UISlider.cpp">
      <Filter>sources\control</Filter>
    </ClCompile>
    <ClCompile Include="Control\UIText.cpp">
      <Filter>sources\control</Filter>
    </ClCompile>
    <ClCompile Include="Control\UITreeView.cpp">
      <Filter>sources\control</Filter>
    </ClCompile>
    <ClCompile Include="Control\UIWebBrowser.cpp">
      <Filter>sources\control</Filter>
    </ClCompile>
    <ClCompile Include="Core\UIBase.cpp">
      <Filter>sources\core</Filter>
    </ClCompile>
    <ClCompile Include="Core\UIContainer.cpp">
      <Filter>sources\core</Filter>
    </ClCompile>
    <ClCompile Include="Core\UIControl.cpp">
      <Filter>sources\core</Filter>
    </ClCompile>
    <ClCompile Include="Core\UIDlgBuilder.cpp">
      <Filter>sources\core</Filter>
    </ClCompile>
    <ClCompile Include="Core\UIManager.cpp">
      <Filter>sources\core</Filter>
    </ClCompile>
    <ClCompile Include="Core\UIMarkup.cpp">
      <Filter>sources\core</Filter>
    </ClCompile>
    <ClCompile Include="Core\UIRender.cpp">
      <Filter>sources\core</Filter>
    </ClCompile>
    <ClCompile Include="Layout\UIChildLayout.cpp">
      <Filter>sources\layout</Filter>
    </ClCompile>
    <ClCompile Include="Layout\UIHorizontalLayout.cpp">
      <Filter>sources\layout</Filter>
    </ClCompile>
    <ClCompile Include="Layout\UITabLayout.cpp">
      <Filter>sources\layout</Filter>
    </ClCompile>
    <ClCompile Include="Layout\UITileLayout.cpp">
      <Filter>sources\layout</Filter>
    </ClCompile>
    <ClCompile Include="Layout\UIVerticalLayout.cpp">
      <Filter>sources\layout</Filter>
    </ClCompile>
    <ClCompile Include="Utils\stb_image.c">
      <Filter>sources\utils</Filter>
    </ClCompile>
    <ClCompile Include="Utils\UIDelegate.cpp">
      <Filter>sources\utils</Filter>
    </ClCompile>
    <ClCompile Include="Utils\Utils.cpp">
      <Filter>sources\utils</Filter>
    </ClCompile>
    <ClCompile Include="Utils\XUnzip.cpp">
      <Filter>sources\utils</Filter>
    </ClCompile>
    <ClCompile Include="StdAfx.cpp">
      <Filter>sources</Filter>
    </ClCompile>
    <ClCompile Include="UIlib.cpp">
      <Filter>sources</Filter>
    </ClCompile>
    <ClCompile Include="Utils\WinImplBase.cpp">
      <Filter>sources\utils</Filter>
    </ClCompile>
  </ItemGroup>
</Project>